
Microsoft Visual Studio Solution File, Format Version 12.00
# Visual Studio 15
VisualStudioVersion = 15.0.28307.271
MinimumVisualStudioVersion = 10.0.40219.1
Project("{FAE04EC0-301F-11D3-BF4B-00C04F79EFBC}") = "Laundry", "Laundry\Laundry.csproj", "{0C3011ED-54DB-4B19-90DC-AD1841CB8C75}"
EndProject
Global
	GlobalSection(SolutionConfigurationPlatforms) = preSolution
		Debug|Any CPU = Debug|Any CPU
		Release|Any CPU = Release|Any CPU
	EndGlobalSection
	GlobalSection(ProjectConfigurationPlatforms) = postSolution
		{0C3011ED-54DB-4B19-90DC-AD1841CB8C75}.Debug|Any CPU.ActiveCfg = Debug|Any CPU
		{0C3011ED-54DB-4B19-90DC-AD1841CB8C75}.Debug|Any CPU.Build.0 = Debug|Any CPU
		{0C3011ED-54DB-4B19-90DC-AD1841CB8C75}.Release|Any CPU.ActiveCfg = Release|Any CPU
		{0C3011ED-54DB-4B19-90DC-AD1841CB8C75}.Release|Any CPU.Build.0 = Release|Any CPU
	EndGlobalSection
	GlobalSection(SolutionProperties) = preSolution
		HideSolutionNode = FALSE
	EndGlobalSection
	GlobalSection(ExtensibilityGlobals) = postSolution
		SolutionGuid = {F9147C3D-D077-40AF-BEBD-1A23C7351683}
	EndGlobalSection
EndGlobal
